// !$*UTF8*$!
{
	archiveVersion = 1;
	classes = {
	};
	objectVersion = 56;
	objects = {

/* Begin PBXBuildFile section */
		FA05F1842D4627B700F32049 /* WeatherAppSwiftUIUITests.swift in Sources */ = {isa = PBXBuildFile; fileRef = FA05F1832D4627B700F32049 /* WeatherAppSwiftUIUITests.swift */; };
		FA05F18C2D46282100F32049 /* HomeContentView.swift in Sources */ = {isa = PBXBuildFile; fileRef = FA2A22AD2D415F0900A0F0DE /* HomeContentView.swift */; };
		FA05F18D2D46295C00F32049 /* LocationViewModel.swift in Sources */ = {isa = PBXBuildFile; fileRef = FA7FDAB72D3EE0D8006C2205 /* LocationViewModel.swift */; };
		FA05F18E2D46296400F32049 /* WeatherViewModel.swift in Sources */ = {isa = PBXBuildFile; fileRef = FA7FDAB02D3EDFD6006C2205 /* WeatherViewModel.swift */; };
		FA05F18F2D46297500F32049 /* WeatherModel.swift in Sources */ = {isa = PBXBuildFile; fileRef = FA7FDAB32D3EE040006C2205 /* WeatherModel.swift */; };
		FA05F1902D46297A00F32049 /* ForecastModel.swift in Sources */ = {isa = PBXBuildFile; fileRef = FA7FDAB52D3EE084006C2205 /* ForecastModel.swift */; };
		FA05F1912D46297F00F32049 /* HourlyWeatherModel.swift in Sources */ = {isa = PBXBuildFile; fileRef = FA37CCBA2D44F79D002F9AB5 /* HourlyWeatherModel.swift */; };
		FA05F1922D46298500F32049 /* CLLocationWrapper.swift in Sources */ = {isa = PBXBuildFile; fileRef = FAB8409C2D454A80003DBB12 /* CLLocationWrapper.swift */; };
		FA05F1932D46298A00F32049 /* NetworkManager.swift in Sources */ = {isa = PBXBuildFile; fileRef = FA7FDAAD2D3EDE85006C2205 /* NetworkManager.swift */; };
		FA05F1942D46299B00F32049 /* DetailedWeatherView.swift in Sources */ = {isa = PBXBuildFile; fileRef = FA99F7A72D441D9F003D2500 /* DetailedWeatherView.swift */; };
		FA05F1952D4629A200F32049 /* FavoritesListView.swift in Sources */ = {isa = PBXBuildFile; fileRef = FAB8409E2D454C94003DBB12 /* FavoritesListView.swift */; };
		FA05F1962D4629B400F32049 /* Color+Extensions.swift in Sources */ = {isa = PBXBuildFile; fileRef = FAF5EDA72D42494000A817FA /* Color+Extensions.swift */; };
		FA2A22AE2D415F0900A0F0DE /* HomeContentView.swift in Sources */ = {isa = PBXBuildFile; fileRef = FA2A22AD2D415F0900A0F0DE /* HomeContentView.swift */; };
		FA2A22B02D415F5C00A0F0DE /* MainView.swift in Sources */ = {isa = PBXBuildFile; fileRef = FA2A22AF2D415F5C00A0F0DE /* MainView.swift */; };
		FA37CCBB2D44F79D002F9AB5 /* HourlyWeatherModel.swift in Sources */ = {isa = PBXBuildFile; fileRef = FA37CCBA2D44F79D002F9AB5 /* HourlyWeatherModel.swift */; };
		FA7FDA862D3EDE4F006C2205 /* Assets.xcassets in Resources */ = {isa = PBXBuildFile; fileRef = FA7FDA852D3EDE4F006C2205 /* Assets.xcassets */; };
		FA7FDA8A2D3EDE4F006C2205 /* Preview Assets.xcassets in Resources */ = {isa = PBXBuildFile; fileRef = FA7FDA892D3EDE4F006C2205 /* Preview Assets.xcassets */; };
		FA7FDAAE2D3EDE85006C2205 /* NetworkManager.swift in Sources */ = {isa = PBXBuildFile; fileRef = FA7FDAAD2D3EDE85006C2205 /* NetworkManager.swift */; };
		FA7FDAB12D3EDFD6006C2205 /* WeatherViewModel.swift in Sources */ = {isa = PBXBuildFile; fileRef = FA7FDAB02D3EDFD6006C2205 /* WeatherViewModel.swift */; };
		FA7FDAB42D3EE040006C2205 /* WeatherModel.swift in Sources */ = {isa = PBXBuildFile; fileRef = FA7FDAB32D3EE040006C2205 /* WeatherModel.swift */; };
		FA7FDAB62D3EE084006C2205 /* ForecastModel.swift in Sources */ = {isa = PBXBuildFile; fileRef = FA7FDAB52D3EE084006C2205 /* ForecastModel.swift */; };
		FA7FDAB82D3EE0D8006C2205 /* LocationViewModel.swift in Sources */ = {isa = PBXBuildFile; fileRef = FA7FDAB72D3EE0D8006C2205 /* LocationViewModel.swift */; };
		FA99F7A82D441D9F003D2500 /* DetailedWeatherView.swift in Sources */ = {isa = PBXBuildFile; fileRef = FA99F7A72D441D9F003D2500 /* DetailedWeatherView.swift */; };
		FAB8409D2D454A80003DBB12 /* CLLocationWrapper.swift in Sources */ = {isa = PBXBuildFile; fileRef = FAB8409C2D454A80003DBB12 /* CLLocationWrapper.swift */; };
		FAB8409F2D454C94003DBB12 /* FavoritesListView.swift in Sources */ = {isa = PBXBuildFile; fileRef = FAB8409E2D454C94003DBB12 /* FavoritesListView.swift */; };
		FAF5EDA82D42494000A817FA /* Color+Extensions.swift in Sources */ = {isa = PBXBuildFile; fileRef = FAF5EDA72D42494000A817FA /* Color+Extensions.swift */; };
/* End PBXBuildFile section */

/* Begin PBXContainerItemProxy section */
		FA05F1872D4627B700F32049 /* PBXContainerItemProxy */ = {
			isa = PBXContainerItemProxy;
			containerPortal = FA7FDA712D3EDE4E006C2205 /* Project object */;
			proxyType = 1;
			remoteGlobalIDString = FA7FDA782D3EDE4E006C2205;
			remoteInfo = WeatherAppSwiftUI;
		};
/* End PBXContainerItemProxy section */

/* Begin PBXCopyFilesBuildPhase section */
		FACF9E692D45243A007AF892 /* Embed Frameworks */ = {
			isa = PBXCopyFilesBuildPhase;
			buildActionMask = 2147483647;
			dstPath = "";
			dstSubfolderSpec = 10;
			files = (
			);
			name = "Embed Frameworks";
			runOnlyForDeploymentPostprocessing = 0;
		};
/* End PBXCopyFilesBuildPhase section */

/* Begin PBXFileReference section */
		FA05F1812D4627B700F32049 /* WeatherAppSwiftUIUITests.xctest */ = {isa = PBXFileReference; explicitFileType = wrapper.cfbundle; includeInIndex = 0; path = WeatherAppSwiftUIUITests.xctest; sourceTree = BUILT_PRODUCTS_DIR; };
		FA05F1832D4627B700F32049 /* WeatherAppSwiftUIUITests.swift */ = {isa = PBXFileReference; lastKnownFileType = sourcecode.swift; path = WeatherAppSwiftUIUITests.swift; sourceTree = "<group>"; };
		FA2A22AD2D415F0900A0F0DE /* HomeContentView.swift */ = {isa = PBXFileReference; lastKnownFileType = sourcecode.swift; path = HomeContentView.swift; sourceTree = "<group>"; };
		FA2A22AF2D415F5C00A0F0DE /* MainView.swift */ = {isa = PBXFileReference; lastKnownFileType = sourcecode.swift; path = MainView.swift; sourceTree = "<group>"; };
		FA33E1E02D451DF2007BA898 /* Info.plist */ = {isa = PBXFileReference; lastKnownFileType = text.plist.xml; path = Info.plist; sourceTree = "<group>"; };
		FA37CCBA2D44F79D002F9AB5 /* HourlyWeatherModel.swift */ = {isa = PBXFileReference; lastKnownFileType = sourcecode.swift; path = HourlyWeatherModel.swift; sourceTree = "<group>"; };
		FA7FDA792D3EDE4E006C2205 /* WeatherAppSwiftUI.app */ = {isa = PBXFileReference; explicitFileType = wrapper.application; includeInIndex = 0; path = WeatherAppSwiftUI.app; sourceTree = BUILT_PRODUCTS_DIR; };
		FA7FDA852D3EDE4F006C2205 /* Assets.xcassets */ = {isa = PBXFileReference; lastKnownFileType = folder.assetcatalog; path = Assets.xcassets; sourceTree = "<group>"; };
		FA7FDA872D3EDE4F006C2205 /* WeatherAppSwiftUI.entitlements */ = {isa = PBXFileReference; lastKnownFileType = text.plist.entitlements; path = WeatherAppSwiftUI.entitlements; sourceTree = "<group>"; };
		FA7FDA892D3EDE4F006C2205 /* Preview Assets.xcassets */ = {isa = PBXFileReference; lastKnownFileType = folder.assetcatalog; path = "Preview Assets.xcassets"; sourceTree = "<group>"; };
		FA7FDAAD2D3EDE85006C2205 /* NetworkManager.swift */ = {isa = PBXFileReference; lastKnownFileType = sourcecode.swift; path = NetworkManager.swift; sourceTree = "<group>"; };
		FA7FDAB02D3EDFD6006C2205 /* WeatherViewModel.swift */ = {isa = PBXFileReference; lastKnownFileType = sourcecode.swift; path = WeatherViewModel.swift; sourceTree = "<group>"; };
		FA7FDAB32D3EE040006C2205 /* WeatherModel.swift */ = {isa = PBXFileReference; lastKnownFileType = sourcecode.swift; path = WeatherModel.swift; sourceTree = "<group>"; };
		FA7FDAB52D3EE084006C2205 /* ForecastModel.swift */ = {isa = PBXFileReference; lastKnownFileType = sourcecode.swift; path = ForecastModel.swift; sourceTree = "<group>"; };
		FA7FDAB72D3EE0D8006C2205 /* LocationViewModel.swift */ = {isa = PBXFileReference; lastKnownFileType = sourcecode.swift; path = LocationViewModel.swift; sourceTree = "<group>"; };
		FA99F7A72D441D9F003D2500 /* DetailedWeatherView.swift */ = {isa = PBXFileReference; lastKnownFileType = sourcecode.swift; path = DetailedWeatherView.swift; sourceTree = "<group>"; };
		FAB8409C2D454A80003DBB12 /* CLLocationWrapper.swift */ = {isa = PBXFileReference; lastKnownFileType = sourcecode.swift; path = CLLocationWrapper.swift; sourceTree = "<group>"; };
		FAB8409E2D454C94003DBB12 /* FavoritesListView.swift */ = {isa = PBXFileReference; lastKnownFileType = sourcecode.swift; path = FavoritesListView.swift; sourceTree = "<group>"; };
		FAF5EDA72D42494000A817FA /* Color+Extensions.swift */ = {isa = PBXFileReference; lastKnownFileType = sourcecode.swift; path = "Color+Extensions.swift"; sourceTree = "<group>"; };
/* End PBXFileReference section */

/* Begin PBXFrameworksBuildPhase section */
		FA05F17E2D4627B700F32049 /* Frameworks */ = {
			isa = PBXFrameworksBuildPhase;
			buildActionMask = 2147483647;
			files = (
			);
			runOnlyForDeploymentPostprocessing = 0;
		};
		FA7FDA762D3EDE4E006C2205 /* Frameworks */ = {
			isa = PBXFrameworksBuildPhase;
			buildActionMask = 2147483647;
			files = (
			);
			runOnlyForDeploymentPostprocessing = 0;
		};
/* End PBXFrameworksBuildPhase section */

/* Begin PBXGroup section */
		6417A41352988D302A49A721 /* Frameworks */ = {
			isa = PBXGroup;
			children = (
			);
			name = Frameworks;
			sourceTree = "<group>";
		};
		FA05F1822D4627B700F32049 /* WeatherAppSwiftUIUITests */ = {
			isa = PBXGroup;
			children = (
				FA05F1832D4627B700F32049 /* WeatherAppSwiftUIUITests.swift */,
			);
			path = WeatherAppSwiftUIUITests;
			sourceTree = "<group>";
		};
		FA0F54912D3F5F7B002276A1 /* Resources */ = {
			isa = PBXGroup;
			children = (
				FA7FDA852D3EDE4F006C2205 /* Assets.xcassets */,
				FA7FDA882D3EDE4F006C2205 /* Preview Content */,
			);
			path = Resources;
			sourceTree = "<group>";
		};
		FA7FDA702D3EDE4E006C2205 = {
			isa = PBXGroup;
			children = (
				FA7FDA7B2D3EDE4E006C2205 /* WeatherAppSwiftUI */,
				FA05F1822D4627B700F32049 /* WeatherAppSwiftUIUITests */,
				FA7FDA7A2D3EDE4E006C2205 /* Products */,
				6417A41352988D302A49A721 /* Frameworks */,
			);
			sourceTree = "<group>";
		};
		FA7FDA7A2D3EDE4E006C2205 /* Products */ = {
			isa = PBXGroup;
			children = (
				FA7FDA792D3EDE4E006C2205 /* WeatherAppSwiftUI.app */,
				FA05F1812D4627B700F32049 /* WeatherAppSwiftUIUITests.xctest */,
			);
			name = Products;
			sourceTree = "<group>";
		};
		FA7FDA7B2D3EDE4E006C2205 /* WeatherAppSwiftUI */ = {
			isa = PBXGroup;
			children = (
				FAF5EDA62D42492A00A817FA /* Extensions */,
				FA8AFF772D3F642D00BE4A65 /* Views */,
				FA7FDA872D3EDE4F006C2205 /* WeatherAppSwiftUI.entitlements */,
				FA0F54912D3F5F7B002276A1 /* Resources */,
				FA7FDAB22D3EE01F006C2205 /* Models */,
				FA7FDAAF2D3EDFB4006C2205 /* ViewModel */,
				FA7FDAAC2D3EDE6A006C2205 /* Networking */,
				FA33E1E02D451DF2007BA898 /* Info.plist */,
			);
			path = WeatherAppSwiftUI;
			sourceTree = "<group>";
		};
		FA7FDA882D3EDE4F006C2205 /* Preview Content */ = {
			isa = PBXGroup;
			children = (
				FA7FDA892D3EDE4F006C2205 /* Preview Assets.xcassets */,
			);
			path = "Preview Content";
			sourceTree = "<group>";
		};
		FA7FDAAC2D3EDE6A006C2205 /* Networking */ = {
			isa = PBXGroup;
			children = (
				FA7FDAAD2D3EDE85006C2205 /* NetworkManager.swift */,
			);
			path = Networking;
			sourceTree = "<group>";
		};
		FA7FDAAF2D3EDFB4006C2205 /* ViewModel */ = {
			isa = PBXGroup;
			children = (
				FA7FDAB02D3EDFD6006C2205 /* WeatherViewModel.swift */,
				FA7FDAB72D3EE0D8006C2205 /* LocationViewModel.swift */,
				FA37CCBA2D44F79D002F9AB5 /* HourlyWeatherModel.swift */,
			);
			path = ViewModel;
			sourceTree = "<group>";
		};
		FA7FDAB22D3EE01F006C2205 /* Models */ = {
			isa = PBXGroup;
			children = (
				FA7FDAB32D3EE040006C2205 /* WeatherModel.swift */,
				FA7FDAB52D3EE084006C2205 /* ForecastModel.swift */,
				FAB8409C2D454A80003DBB12 /* CLLocationWrapper.swift */,
			);
			path = Models;
			sourceTree = "<group>";
		};
		FA8AFF772D3F642D00BE4A65 /* Views */ = {
			isa = PBXGroup;
			children = (
				FA2A22AD2D415F0900A0F0DE /* HomeContentView.swift */,
				FA2A22AF2D415F5C00A0F0DE /* MainView.swift */,
				FA99F7A72D441D9F003D2500 /* DetailedWeatherView.swift */,
				FAB8409E2D454C94003DBB12 /* FavoritesListView.swift */,
			);
			path = Views;
			sourceTree = "<group>";
		};
		FAF5EDA62D42492A00A817FA /* Extensions */ = {
			isa = PBXGroup;
			children = (
				FAF5EDA72D42494000A817FA /* Color+Extensions.swift */,
			);
			path = Extensions;
			sourceTree = "<group>";
		};
/* End PBXGroup section */

/* Begin PBXNativeTarget section */
		FA05F1802D4627B700F32049 /* WeatherAppSwiftUIUITests */ = {
			isa = PBXNativeTarget;
			buildConfigurationList = FA05F1892D4627B700F32049 /* Build configuration list for PBXNativeTarget "WeatherAppSwiftUIUITests" */;
			buildPhases = (
				FA05F17D2D4627B700F32049 /* Sources */,
				FA05F17E2D4627B700F32049 /* Frameworks */,
				FA05F17F2D4627B700F32049 /* Resources */,
			);
			buildRules = (
			);
			dependencies = (
				FA05F1882D4627B700F32049 /* PBXTargetDependency */,
			);
			name = WeatherAppSwiftUIUITests;
			productName = WeatherAppSwiftUIUITests;
			productReference = FA05F1812D4627B700F32049 /* WeatherAppSwiftUIUITests.xctest */;
			productType = "com.apple.product-type.bundle.ui-testing";
		};
		FA7FDA782D3EDE4E006C2205 /* WeatherAppSwiftUI */ = {
			isa = PBXNativeTarget;
			buildConfigurationList = FA7FDAA32D3EDE4F006C2205 /* Build configuration list for PBXNativeTarget "WeatherAppSwiftUI" */;
			buildPhases = (
				FA7FDA752D3EDE4E006C2205 /* Sources */,
				FA7FDA762D3EDE4E006C2205 /* Frameworks */,
				FA7FDA772D3EDE4E006C2205 /* Resources */,
				FACF9E692D45243A007AF892 /* Embed Frameworks */,
			);
			buildRules = (
			);
			dependencies = (
			);
			name = WeatherAppSwiftUI;
			productName = WeatherAppSwiftUI;
			productReference = FA7FDA792D3EDE4E006C2205 /* WeatherAppSwiftUI.app */;
			productType = "com.apple.product-type.application";
		};
/* End PBXNativeTarget section */

/* Begin PBXProject section */
		FA7FDA712D3EDE4E006C2205 /* Project object */ = {
			isa = PBXProject;
			attributes = {
				BuildIndependentTargetsInParallel = 1;
				LastSwiftUpdateCheck = 1510;
				LastUpgradeCheck = 1510;
				TargetAttributes = {
					FA05F1802D4627B700F32049 = {
						CreatedOnToolsVersion = 15.1;
						TestTargetID = FA7FDA782D3EDE4E006C2205;
					};
					FA7FDA782D3EDE4E006C2205 = {
						CreatedOnToolsVersion = 15.1;
					};
				};
			};
			buildConfigurationList = FA7FDA742D3EDE4E006C2205 /* Build configuration list for PBXProject "WeatherAppSwiftUI" */;
			compatibilityVersion = "Xcode 14.0";
			developmentRegion = en;
			hasScannedForEncodings = 0;
			knownRegions = (
				en,
				Base,
			);
			mainGroup = FA7FDA702D3EDE4E006C2205;
			productRefGroup = FA7FDA7A2D3EDE4E006C2205 /* Products */;
			projectDirPath = "";
			projectRoot = "";
			targets = (
				FA7FDA782D3EDE4E006C2205 /* WeatherAppSwiftUI */,
				FA05F1802D4627B700F32049 /* WeatherAppSwiftUIUITests */,
			);
		};
/* End PBXProject section */

/* Begin PBXResourcesBuildPhase section */
		FA05F17F2D4627B700F32049 /* Resources */ = {
			isa = PBXResourcesBuildPhase;
			buildActionMask = 2147483647;
			files = (
			);
			runOnlyForDeploymentPostprocessing = 0;
		};
		FA7FDA772D3EDE4E006C2205 /* Resources */ = {
			isa = PBXResourcesBuildPhase;
			buildActionMask = 2147483647;
			files = (
				FA7FDA8A2D3EDE4F006C2205 /* Preview Assets.xcassets in Resources */,
				FA7FDA862D3EDE4F006C2205 /* Assets.xcassets in Resources */,
			);
			runOnlyForDeploymentPostprocessing = 0;
		};
/* End PBXResourcesBuildPhase section */

/* Begin PBXSourcesBuildPhase section */
		FA05F17D2D4627B700F32049 /* Sources */ = {
			isa = PBXSourcesBuildPhase;
			buildActionMask = 2147483647;
			files = (
				FA05F1932D46298A00F32049 /* NetworkManager.swift in Sources */,
				FA05F1942D46299B00F32049 /* DetailedWeatherView.swift in Sources */,
				FA05F1842D4627B700F32049 /* WeatherAppSwiftUIUITests.swift in Sources */,
				FA05F18E2D46296400F32049 /* WeatherViewModel.swift in Sources */,
				FA05F18D2D46295C00F32049 /* LocationViewModel.swift in Sources */,
				FA05F1922D46298500F32049 /* CLLocationWrapper.swift in Sources */,
				FA05F1952D4629A200F32049 /* FavoritesListView.swift in Sources */,
				FA05F18C2D46282100F32049 /* HomeContentView.swift in Sources */,
				FA05F1902D46297A00F32049 /* ForecastModel.swift in Sources */,
				FA05F1912D46297F00F32049 /* HourlyWeatherModel.swift in Sources */,
				FA05F18F2D46297500F32049 /* WeatherModel.swift in Sources */,
				FA05F1962D4629B400F32049 /* Color+Extensions.swift in Sources */,
			);
			runOnlyForDeploymentPostprocessing = 0;
		};
		FA7FDA752D3EDE4E006C2205 /* Sources */ = {
			isa = PBXSourcesBuildPhase;
			buildActionMask = 2147483647;
			files = (
				FA2A22B02D415F5C00A0F0DE /* MainView.swift in Sources */,
				FA7FDAB12D3EDFD6006C2205 /* WeatherViewModel.swift in Sources */,
				FA7FDAB42D3EE040006C2205 /* WeatherModel.swift in Sources */,
				FAF5EDA82D42494000A817FA /* Color+Extensions.swift in Sources */,
				FA7FDAAE2D3EDE85006C2205 /* NetworkManager.swift in Sources */,
				FA37CCBB2D44F79D002F9AB5 /* HourlyWeatherModel.swift in Sources */,
				FA7FDAB62D3EE084006C2205 /* ForecastModel.swift in Sources */,
				FAB8409D2D454A80003DBB12 /* CLLocationWrapper.swift in Sources */,
				FAB8409F2D454C94003DBB12 /* FavoritesListView.swift in Sources */,
				FA7FDAB82D3EE0D8006C2205 /* LocationViewModel.swift in Sources */,
				FA2A22AE2D415F0900A0F0DE /* HomeContentView.swift in Sources */,
				FA99F7A82D441D9F003D2500 /* DetailedWeatherView.swift in Sources */,
			);
			runOnlyForDeploymentPostprocessing = 0;
		};
/* End PBXSourcesBuildPhase section */

/* Begin PBXTargetDependency section */
		FA05F1882D4627B700F32049 /* PBXTargetDependency */ = {
			isa = PBXTargetDependency;
			target = FA7FDA782D3EDE4E006C2205 /* WeatherAppSwiftUI */;
			targetProxy = FA05F1872D4627B700F32049 /* PBXContainerItemProxy */;
		};
/* End PBXTargetDependency section */

/* Begin XCBuildConfiguration section */
		FA05F18A2D4627B700F32049 /* Debug */ = {
			isa = XCBuildConfiguration;
			buildSettings = {
				CODE_SIGN_STYLE = Automatic;
				CURRENT_PROJECT_VERSION = 1;
				GENERATE_INFOPLIST_FILE = YES;
				IPHONEOS_DEPLOYMENT_TARGET = 17.2;
				MARKETING_VERSION = 1.0;
				PRODUCT_BUNDLE_IDENTIFIER = com.example.WeatherAppSwiftUIUITests;
				PRODUCT_NAME = "$(TARGET_NAME)";
				SDKROOT = iphoneos;
				SWIFT_EMIT_LOC_STRINGS = NO;
				SWIFT_VERSION = 5.0;
				TARGETED_DEVICE_FAMILY = "1,2";
				TEST_TARGET_NAME = WeatherAppSwiftUI;
			};
			name = Debug;
		};
		FA05F18B2D4627B700F32049 /* Release */ = {
			isa = XCBuildConfiguration;
			buildSettings = {
				CODE_SIGN_STYLE = Automatic;
				CURRENT_PROJECT_VERSION = 1;
				GENERATE_INFOPLIST_FILE = YES;
				IPHONEOS_DEPLOYMENT_TARGET = 17.2;
				MARKETING_VERSION = 1.0;
				PRODUCT_BUNDLE_IDENTIFIER = com.example.WeatherAppSwiftUIUITests;
				PRODUCT_NAME = "$(TARGET_NAME)";
				SDKROOT = iphoneos;
				SWIFT_EMIT_LOC_STRINGS = NO;
				SWIFT_VERSION = 5.0;
				TARGETED_DEVICE_FAMILY = "1,2";
				TEST_TARGET_NAME = WeatherAppSwiftUI;
				VALIDATE_PRODUCT = YES;
			};
			name = Release;
		};
		FA7FDAA12D3EDE4F006C2205 /* Debug */ = {
			isa = XCBuildConfiguration;
			buildSettings = {
				ALWAYS_SEARCH_USER_PATHS = NO;
				ASSETCATALOG_COMPILER_GENERATE_SWIFT_ASSET_SYMBOL_EXTENSIONS = YES;
				CLANG_ANALYZER_NONNULL = YES;
				CLANG_ANALYZER_NUMBER_OBJECT_CONVERSION = YES_AGGRESSIVE;
				CLANG_CXX_LANGUAGE_STANDARD = "gnu++20";
				CLANG_ENABLE_MODULES = YES;
				CLANG_ENABLE_OBJC_ARC = YES;
				CLANG_ENABLE_OBJC_WEAK = YES;
				CLANG_WARN_BLOCK_CAPTURE_AUTORELEASING = YES;
				CLANG_WARN_BOOL_CONVERSION = YES;
				CLANG_WARN_COMMA = YES;
				CLANG_WARN_CONSTANT_CONVERSION = YES;
				CLANG_WARN_DEPRECATED_OBJC_IMPLEMENTATIONS = YES;
				CLANG_WARN_DIRECT_OBJC_ISA_USAGE = YES_ERROR;
				CLANG_WARN_DOCUMENTATION_COMMENTS = YES;
				CLANG_WARN_EMPTY_BODY = YES;
				CLANG_WARN_ENUM_CONVERSION = YES;
				CLANG_WARN_INFINITE_RECURSION = YES;
				CLANG_WARN_INT_CONVERSION = YES;
				CLANG_WARN_NON_LITERAL_NULL_CONVERSION = YES;
				CLANG_WARN_OBJC_IMPLICIT_RETAIN_SELF = YES;
				CLANG_WARN_OBJC_LITERAL_CONVERSION = YES;
				CLANG_WARN_OBJC_ROOT_CLASS = YES_ERROR;
				CLANG_WARN_QUOTED_INCLUDE_IN_FRAMEWORK_HEADER = YES;
				CLANG_WARN_RANGE_LOOP_ANALYSIS = YES;
				CLANG_WARN_STRICT_PROTOTYPES = YES;
				CLANG_WARN_SUSPICIOUS_MOVE = YES;
				CLANG_WARN_UNGUARDED_AVAILABILITY = YES_AGGRESSIVE;
				CLANG_WARN_UNREACHABLE_CODE = YES;
				CLANG_WARN__DUPLICATE_METHOD_MATCH = YES;
				COPY_PHASE_STRIP = NO;
				DEBUG_INFORMATION_FORMAT = dwarf;
				ENABLE_STRICT_OBJC_MSGSEND = YES;
				ENABLE_TESTABILITY = YES;
				ENABLE_USER_SCRIPT_SANDBOXING = YES;
				GCC_C_LANGUAGE_STANDARD = gnu17;
				GCC_DYNAMIC_NO_PIC = NO;
				GCC_NO_COMMON_BLOCKS = YES;
				GCC_OPTIMIZATION_LEVEL = 0;
				GCC_PREPROCESSOR_DEFINITIONS = (
					"DEBUG=1",
					"$(inherited)",
				);
				GCC_WARN_64_TO_32_BIT_CONVERSION = YES;
				GCC_WARN_ABOUT_RETURN_TYPE = YES_ERROR;
				GCC_WARN_UNDECLARED_SELECTOR = YES;
				GCC_WARN_UNINITIALIZED_AUTOS = YES_AGGRESSIVE;
				GCC_WARN_UNUSED_FUNCTION = YES;
				GCC_WARN_UNUSED_VARIABLE = YES;
				LOCALIZATION_PREFERS_STRING_CATALOGS = YES;
				MTL_ENABLE_DEBUG_INFO = INCLUDE_SOURCE;
				MTL_FAST_MATH = YES;
				ONLY_ACTIVE_ARCH = YES;
				SWIFT_ACTIVE_COMPILATION_CONDITIONS = "DEBUG $(inherited)";
				SWIFT_OPTIMIZATION_LEVEL = "-Onone";
			};
			name = Debug;
		};
		FA7FDAA22D3EDE4F006C2205 /* Release */ = {
			isa = XCBuildConfiguration;
			buildSettings = {
				ALWAYS_SEARCH_USER_PATHS = NO;
				ASSETCATALOG_COMPILER_GENERATE_SWIFT_ASSET_SYMBOL_EXTENSIONS = YES;
				CLANG_ANALYZER_NONNULL = YES;
				CLANG_ANALYZER_NUMBER_OBJECT_CONVERSION = YES_AGGRESSIVE;
				CLANG_CXX_LANGUAGE_STANDARD = "gnu++20";
				CLANG_ENABLE_MODULES = YES;
				CLANG_ENABLE_OBJC_ARC = YES;
				CLANG_ENABLE_OBJC_WEAK = YES;
				CLANG_WARN_BLOCK_CAPTURE_AUTORELEASING = YES;
				CLANG_WARN_BOOL_CONVERSION = YES;
				CLANG_WARN_COMMA = YES;
				CLANG_WARN_CONSTANT_CONVERSION = YES;
				CLANG_WARN_DEPRECATED_OBJC_IMPLEMENTATIONS = YES;
				CLANG_WARN_DIRECT_OBJC_ISA_USAGE = YES_ERROR;
				CLANG_WARN_DOCUMENTATION_COMMENTS = YES;
				CLANG_WARN_EMPTY_BODY = YES;
				CLANG_WARN_ENUM_CONVERSION = YES;
				CLANG_WARN_INFINITE_RECURSION = YES;
				CLANG_WARN_INT_CONVERSION = YES;
				CLANG_WARN_NON_LITERAL_NULL_CONVERSION = YES;
				CLANG_WARN_OBJC_IMPLICIT_RETAIN_SELF = YES;
				CLANG_WARN_OBJC_LITERAL_CONVERSION = YES;
				CLANG_WARN_OBJC_ROOT_CLASS = YES_ERROR;
				CLANG_WARN_QUOTED_INCLUDE_IN_FRAMEWORK_HEADER = YES;
				CLANG_WARN_RANGE_LOOP_ANALYSIS = YES;
				CLANG_WARN_STRICT_PROTOTYPES = YES;
				CLANG_WARN_SUSPICIOUS_MOVE = YES;
				CLANG_WARN_UNGUARDED_AVAILABILITY = YES_AGGRESSIVE;
				CLANG_WARN_UNREACHABLE_CODE = YES;
				CLANG_WARN__DUPLICATE_METHOD_MATCH = YES;
				COPY_PHASE_STRIP = NO;
				DEBUG_INFORMATION_FORMAT = "dwarf-with-dsym";
				ENABLE_NS_ASSERTIONS = NO;
				ENABLE_STRICT_OBJC_MSGSEND = YES;
				ENABLE_USER_SCRIPT_SANDBOXING = YES;
				GCC_C_LANGUAGE_STANDARD = gnu17;
				GCC_NO_COMMON_BLOCKS = YES;
				GCC_WARN_64_TO_32_BIT_CONVERSION = YES;
				GCC_WARN_ABOUT_RETURN_TYPE = YES_ERROR;
				GCC_WARN_UNDECLARED_SELECTOR = YES;
				GCC_WARN_UNINITIALIZED_AUTOS = YES_AGGRESSIVE;
				GCC_WARN_UNUSED_FUNCTION = YES;
				GCC_WARN_UNUSED_VARIABLE = YES;
				LOCALIZATION_PREFERS_STRING_CATALOGS = YES;
				MTL_ENABLE_DEBUG_INFO = NO;
				MTL_FAST_MATH = YES;
				SWIFT_COMPILATION_MODE = wholemodule;
			};
			name = Release;
		};
		FA7FDAA42D3EDE4F006C2205 /* Debug */ = {
			isa = XCBuildConfiguration;
			buildSettings = {
				ASSETCATALOG_COMPILER_APPICON_NAME = AppIcon;
				ASSETCATALOG_COMPILER_GLOBAL_ACCENT_COLOR_NAME = AccentColor;
				CODE_SIGN_ENTITLEMENTS = WeatherAppSwiftUI/WeatherAppSwiftUI.entitlements;
				CODE_SIGN_STYLE = Automatic;
				CURRENT_PROJECT_VERSION = 1;
				DEVELOPMENT_ASSET_PATHS = "";
				ENABLE_PREVIEWS = YES;
				GENERATE_INFOPLIST_FILE = YES;
				INFOPLIST_FILE = WeatherAppSwiftUI/Info.plist;
				INFOPLIST_KEY_CFBundleDisplayName = WeatherAppSwiftUI;
				"INFOPLIST_KEY_UIApplicationSceneManifest_Generation[sdk=iphoneos*]" = YES;
				"INFOPLIST_KEY_UIApplicationSceneManifest_Generation[sdk=iphonesimulator*]" = YES;
				"INFOPLIST_KEY_UIApplicationSupportsIndirectInputEvents[sdk=iphoneos*]" = YES;
				"INFOPLIST_KEY_UIApplicationSupportsIndirectInputEvents[sdk=iphonesimulator*]" = YES;
				"INFOPLIST_KEY_UILaunchScreen_Generation[sdk=iphoneos*]" = YES;
				"INFOPLIST_KEY_UILaunchScreen_Generation[sdk=iphonesimulator*]" = YES;
				"INFOPLIST_KEY_UIStatusBarStyle[sdk=iphoneos*]" = UIStatusBarStyleDefault;
				"INFOPLIST_KEY_UIStatusBarStyle[sdk=iphonesimulator*]" = UIStatusBarStyleDefault;
				INFOPLIST_KEY_UISupportedInterfaceOrientations_iPad = "UIInterfaceOrientationPortrait UIInterfaceOrientationPortraitUpsideDown UIInterfaceOrientationLandscapeLeft UIInterfaceOrientationLandscapeRight";
				INFOPLIST_KEY_UISupportedInterfaceOrientations_iPhone = "UIInterfaceOrientationPortrait UIInterfaceOrientationLandscapeLeft UIInterfaceOrientationLandscapeRight";
				IPHONEOS_DEPLOYMENT_TARGET = 17.2;
				LD_RUNPATH_SEARCH_PATHS = "@executable_path/Frameworks";
				"LD_RUNPATH_SEARCH_PATHS[sdk=macosx*]" = "@executable_path/../Frameworks";
				MACOSX_DEPLOYMENT_TARGET = 14.2;
				MARKETING_VERSION = 1.0;
				PRODUCT_BUNDLE_IDENTIFIER = com.example.WeatherAppSwiftUI;
				PRODUCT_NAME = "$(TARGET_NAME)";
				SDKROOT = auto;
				SUPPORTED_PLATFORMS = "iphoneos iphonesimulator";
				SUPPORTS_MACCATALYST = NO;
				SWIFT_EMIT_LOC_STRINGS = YES;
				SWIFT_VERSION = 5.0;
				TARGETED_DEVICE_FAMILY = "1,2";
			};
			name = Debug;
		};
		FA7FDAA52D3EDE4F006C2205 /* Release */ = {
			isa = XCBuildConfiguration;
			buildSettings = {
				ASSETCATALOG_COMPILER_APPICON_NAME = AppIcon;
				ASSETCATALOG_COMPILER_GLOBAL_ACCENT_COLOR_NAME = AccentColor;
				CODE_SIGN_ENTITLEMENTS = WeatherAppSwiftUI/WeatherAppSwiftUI.entitlements;
				CODE_SIGN_STYLE = Automatic;
				CURRENT_PROJECT_VERSION = 1;
				DEVELOPMENT_ASSET_PATHS = "";
				ENABLE_PREVIEWS = YES;
				GENERATE_INFOPLIST_FILE = YES;
				INFOPLIST_FILE = WeatherAppSwiftUI/Info.plist;
				INFOPLIST_KEY_CFBundleDisplayName = WeatherAppSwiftUI;
				"INFOPLIST_KEY_UIApplicationSceneManifest_Generation[sdk=iphoneos*]" = YES;
				"INFOPLIST_KEY_UIApplicationSceneManifest_Generation[sdk=iphonesimulator*]" = YES;
				"INFOPLIST_KEY_UIApplicationSupportsIndirectInputEvents[sdk=iphoneos*]" = YES;
				"INFOPLIST_KEY_UIApplicationSupportsIndirectInputEvents[sdk=iphonesimulator*]" = YES;
				"INFOPLIST_KEY_UILaunchScreen_Generation[sdk=iphoneos*]" = YES;
				"INFOPLIST_KEY_UILaunchScreen_Generation[sdk=iphonesimulator*]" = YES;
				"INFOPLIST_KEY_UIStatusBarStyle[sdk=iphoneos*]" = UIStatusBarStyleDefault;
				"INFOPLIST_KEY_UIStatusBarStyle[sdk=iphonesimulator*]" = UIStatusBarStyleDefault;
				INFOPLIST_KEY_UISupportedInterfaceOrientations_iPad = "UIInterfaceOrientationPortrait UIInterfaceOrientationPortraitUpsideDown UIInterfaceOrientationLandscapeLeft UIInterfaceOrientationLandscapeRight";
				INFOPLIST_KEY_UISupportedInterfaceOrientations_iPhone = "UIInterfaceOrientationPortrait UIInterfaceOrientationLandscapeLeft UIInterfaceOrientationLandscapeRight";
				IPHONEOS_DEPLOYMENT_TARGET = 17.2;
				LD_RUNPATH_SEARCH_PATHS = "@executable_path/Frameworks";
				"LD_RUNPATH_SEARCH_PATHS[sdk=macosx*]" = "@executable_path/../Frameworks";
				MACOSX_DEPLOYMENT_TARGET = 14.2;
				MARKETING_VERSION = 1.0;
				PRODUCT_BUNDLE_IDENTIFIER = com.example.WeatherAppSwiftUI;
				PRODUCT_NAME = "$(TARGET_NAME)";
				SDKROOT = auto;
				SUPPORTED_PLATFORMS = "iphoneos iphonesimulator";
				SUPPORTS_MACCATALYST = NO;
				SWIFT_EMIT_LOC_STRINGS = YES;
				SWIFT_VERSION = 5.0;
				TARGETED_DEVICE_FAMILY = "1,2";
			};
			name = Release;
		};
/* End XCBuildConfiguration section */

/* Begin XCConfigurationList section */
		FA05F1892D4627B700F32049 /* Build configuration list for PBXNativeTarget "WeatherAppSwiftUIUITests" */ = {
			isa = XCConfigurationList;
			buildConfigurations = (
				FA05F18A2D4627B700F32049 /* Debug */,
				FA05F18B2D4627B700F32049 /* Release */,
			);
			defaultConfigurationIsVisible = 0;
			defaultConfigurationName = Release;
		};
		FA7FDA742D3EDE4E006C2205 /* Build configuration list for PBXProject "WeatherAppSwiftUI" */ = {
			isa = XCConfigurationList;
			buildConfigurations = (
				FA7FDAA12D3EDE4F006C2205 /* Debug */,
				FA7FDAA22D3EDE4F006C2205 /* Release */,
			);
			defaultConfigurationIsVisible = 0;
			defaultConfigurationName = Release;
		};
		FA7FDAA32D3EDE4F006C2205 /* Build configuration list for PBXNativeTarget "WeatherAppSwiftUI" */ = {
			isa = XCConfigurationList;
			buildConfigurations = (
				FA7FDAA42D3EDE4F006C2205 /* Debug */,
				FA7FDAA52D3EDE4F006C2205 /* Release */,
			);
			defaultConfigurationIsVisible = 0;
			defaultConfigurationName = Release;
		};
/* End XCConfigurationList section */
	};
	rootObject = FA7FDA712D3EDE4E006C2205 /* Project object */;
}
